
Microsoft Visual Studio Solution File, Format Version 12.00
# Visual Studio Version 16
VisualStudioVersion = 16.0.31321.278
MinimumVisualStudioVersion = 10.0.40219.1
Project("{9A19103F-16F7-4668-BE54-9A1E7A4F7556}") = "OkulCoreMvc", "OkulCoreMvc\OkulCoreMvc.csproj", "{965FECA6-91EA-4660-B1DD-4E49B4EF6685}"
EndProject
Project("{9A19103F-16F7-4668-BE54-9A1E7A4F7556}") = "Okul.Entity", "Okul.Entity\Okul.Entity.csproj", "{007C8660-D3C4-410C-92FD-92D086932C7E}"
EndProject
Project("{9A19103F-16F7-4668-BE54-9A1E7A4F7556}") = "Okul.DAL", "Okul.DAL\Okul.DAL.csproj", "{3E5EAA78-8ADC-4564-836A-F048297B8A11}"
EndProject
Project("{FAE04EC0-301F-11D3-BF4B-00C04F79EFBC}") = "Okul.BL", "Okul.BL\Okul.BL.csproj", "{191E82A7-A79E-4F8C-84B3-F8D634510CCC}"
EndProject
Global
	GlobalSection(SolutionConfigurationPlatforms) = preSolution
		Debug|Any CPU = Debug|Any CPU
		Release|Any CPU = Release|Any CPU
	EndGlobalSection
	GlobalSection(ProjectConfigurationPlatforms) = postSolution
		{965FECA6-91EA-4660-B1DD-4E49B4EF6685}.Debug|Any CPU.ActiveCfg = Debug|Any CPU
		{965FECA6-91EA-4660-B1DD-4E49B4EF6685}.Debug|Any CPU.Build.0 = Debug|Any CPU
		{965FECA6-91EA-4660-B1DD-4E49B4EF6685}.Release|Any CPU.ActiveCfg = Release|Any CPU
		{965FECA6-91EA-4660-B1DD-4E49B4EF6685}.Release|Any CPU.Build.0 = Release|Any CPU
		{007C8660-D3C4-410C-92FD-92D086932C7E}.Debug|Any CPU.ActiveCfg = Debug|Any CPU
		{007C8660-D3C4-410C-92FD-92D086932C7E}.Debug|Any CPU.Build.0 = Debug|Any CPU
		{007C8660-D3C4-410C-92FD-92D086932C7E}.Release|Any CPU.ActiveCfg = Release|Any CPU
		{007C8660-D3C4-410C-92FD-92D086932C7E}.Release|Any CPU.Build.0 = Release|Any CPU
		{3E5EAA78-8ADC-4564-836A-F048297B8A11}.Debug|Any CPU.ActiveCfg = Debug|Any CPU
		{3E5EAA78-8ADC-4564-836A-F048297B8A11}.Debug|Any CPU.Build.0 = Debug|Any CPU
		{3E5EAA78-8ADC-4564-836A-F048297B8A11}.Release|Any CPU.ActiveCfg = Release|Any CPU
		{3E5EAA78-8ADC-4564-836A-F048297B8A11}.Release|Any CPU.Build.0 = Release|Any CPU
		{191E82A7-A79E-4F8C-84B3-F8D634510CCC}.Debug|Any CPU.ActiveCfg = Debug|Any CPU
		{191E82A7-A79E-4F8C-84B3-F8D634510CCC}.Debug|Any CPU.Build.0 = Debug|Any CPU
		{191E82A7-A79E-4F8C-84B3-F8D634510CCC}.Release|Any CPU.ActiveCfg = Release|Any CPU
		{191E82A7-A79E-4F8C-84B3-F8D634510CCC}.Release|Any CPU.Build.0 = Release|Any CPU
	EndGlobalSection
	GlobalSection(SolutionProperties) = preSolution
		HideSolutionNode = FALSE
	EndGlobalSection
	GlobalSection(ExtensibilityGlobals) = postSolution
		SolutionGuid = {13D5DBE6-8174-406B-B5B6-407837B9827B}
	EndGlobalSection
EndGlobal
